PODS:
  - WTAutoLayoutExtensions (1.0.1)

DEPENDENCIES:
  - WTAutoLayoutExtensions (from `../`)

EXTERNAL SOURCES:
  WTAutoLayoutExtensions:
    :path: "../"

SPEC CHECKSUMS:
  WTAutoLayoutExtensions: 99dddb95836a6d71b6313ca285fccc8c116e56b5

PODFILE CHECKSUM: e4b15e664c7f2bdcccb14fc960aa35d88724dd81

COCOAPODS: 1.2.0.beta.1
