PODS:
  - WTAutoLayoutExtensions (1.0.0)

DEPENDENCIES:
  - WTAutoLayoutExtensions (from `../`)

EXTERNAL SOURCES:
  WTAutoLayoutExtensions:
    :path: "../"

SPEC CHECKSUMS:
  WTAutoLayoutExtensions: 838d97516e4b616177b0c41045165bf0b2569927

PODFILE CHECKSUM: e4b15e664c7f2bdcccb14fc960aa35d88724dd81

COCOAPODS: 1.2.0.beta.1
